
Microsoft Visual Studio Solution File, Format Version 12.00
# Visual Studio Version 16
VisualStudioVersion = 16.0.28803.452
MinimumVisualStudioVersion = 10.0.40219.1
Project("{2150E333-8FDC-42A3-9474-1A3956D46DE8}") = "src", "src", "{64A93EAE-0124-49CA-9D89-6AE36745BC97}"
EndProject
Project("{2150E333-8FDC-42A3-9474-1A3956D46DE8}") = "Services", "Services", "{CB749AF8-82DF-484B-A3D5-8923B3AEC435}"
EndProject
Project("{2150E333-8FDC-42A3-9474-1A3956D46DE8}") = "BuildingBlocks", "BuildingBlocks", "{DDAF5BAA-521B-464C-9388-15324A9532D6}"
EndProject
Project("{2150E333-8FDC-42A3-9474-1A3956D46DE8}") = "PIM", "PIM", "{3688F14C-3C92-413E-BA92-3E749F281096}"
EndProject
Project("{2150E333-8FDC-42A3-9474-1A3956D46DE8}") = "Common", "Common", "{98ACA784-C1FC-431D-93FD-4C06D25E6474}"
EndProject
Project("{2150E333-8FDC-42A3-9474-1A3956D46DE8}") = "Core", "Core", "{DFC3D79D-9239-41E5-B656-80CE50867E73}"
EndProject
Project("{2150E333-8FDC-42A3-9474-1A3956D46DE8}") = "Infrastructure", "Infrastructure", "{892066FC-F43C-4D9A-9411-3D9C40143B9C}"
EndProject
Project("{9A19103F-16F7-4668-BE54-9A1E7A4F7556}") = "KVSolution.PIM.Common", "src\Services\PIM\Common\KVSolution.PIM.Common\KVSolution.PIM.Common.csproj", "{B7F0498D-F6BC-46A6-A7BB-AEAE2E083C62}"
EndProject
Project("{9A19103F-16F7-4668-BE54-9A1E7A4F7556}") = "KVSolution.PIM.Application", "src\Services\PIM\Core\KVSolution.PIM.Application\KVSolution.PIM.Application.csproj", "{F9A14641-39F6-43BB-86E5-18C385AB9EB1}"
EndProject
Project("{9A19103F-16F7-4668-BE54-9A1E7A4F7556}") = "KVSolution.PIM.Domain", "src\Services\PIM\Core\KVSolution.PIM.Domain\KVSolution.PIM.Domain.csproj", "{8AFDA6ED-5B9A-4295-8E46-3A4737BF5C4D}"
EndProject
Project("{9A19103F-16F7-4668-BE54-9A1E7A4F7556}") = "KVSolution.PIM.Infrastructure", "src\Services\PIM\Infrastructure\KVSolution.PIM.Infrastructure\KVSolution.PIM.Infrastructure.csproj", "{7A59D23B-5CEA-4B02-898B-E4769F208178}"
EndProject
Project("{9A19103F-16F7-4668-BE54-9A1E7A4F7556}") = "KVSolution.PIM.Persistence", "src\Services\PIM\Infrastructure\KVSolution.PIM.Persistence\KVSolution.PIM.Persistence.csproj", "{76917DB3-0C16-4569-9A0C-2A449AA7F942}"
EndProject
Project("{9A19103F-16F7-4668-BE54-9A1E7A4F7556}") = "KVSolution.Common", "src\BuildingBlocks\KVSolution.Common\KVSolution.Common.csproj", "{4DADED26-FCF7-4B80-9587-87D04DA786D4}"
EndProject
Project("{9A19103F-16F7-4668-BE54-9A1E7A4F7556}") = "KVSolution.Api", "src\Services\PIM\KVSolution.Api\KVSolution.Api.csproj", "{74383CB7-B5CB-40B7-B32C-82C51A58D16D}"
EndProject
Project("{2150E333-8FDC-42A3-9474-1A3956D46DE8}") = "UnitTests", "UnitTests", "{05066251-2FC6-413B-B855-29C567902B3D}"
EndProject
Project("{FAE04EC0-301F-11D3-BF4B-00C04F79EFBC}") = "KVSolution.PIM.UnitTest", "KVSolution.PIM.UnitTest\KVSolution.PIM.UnitTest.csproj", "{F1AEAAC6-DF2D-4D42-8D9D-798E16C2B124}"
EndProject
Global
	GlobalSection(SolutionConfigurationPlatforms) = preSolution
		Debug|Any CPU = Debug|Any CPU
		Release|Any CPU = Release|Any CPU
	EndGlobalSection
	GlobalSection(ProjectConfigurationPlatforms) = postSolution
		{B7F0498D-F6BC-46A6-A7BB-AEAE2E083C62}.Debug|Any CPU.ActiveCfg = Debug|Any CPU
		{B7F0498D-F6BC-46A6-A7BB-AEAE2E083C62}.Debug|Any CPU.Build.0 = Debug|Any CPU
		{B7F0498D-F6BC-46A6-A7BB-AEAE2E083C62}.Release|Any CPU.ActiveCfg = Release|Any CPU
		{B7F0498D-F6BC-46A6-A7BB-AEAE2E083C62}.Release|Any CPU.Build.0 = Release|Any CPU
		{F9A14641-39F6-43BB-86E5-18C385AB9EB1}.Debug|Any CPU.ActiveCfg = Debug|Any CPU
		{F9A14641-39F6-43BB-86E5-18C385AB9EB1}.Debug|Any CPU.Build.0 = Debug|Any CPU
		{F9A14641-39F6-43BB-86E5-18C385AB9EB1}.Release|Any CPU.ActiveCfg = Release|Any CPU
		{F9A14641-39F6-43BB-86E5-18C385AB9EB1}.Release|Any CPU.Build.0 = Release|Any CPU
		{8AFDA6ED-5B9A-4295-8E46-3A4737BF5C4D}.Debug|Any CPU.ActiveCfg = Debug|Any CPU
		{8AFDA6ED-5B9A-4295-8E46-3A4737BF5C4D}.Debug|Any CPU.Build.0 = Debug|Any CPU
		{8AFDA6ED-5B9A-4295-8E46-3A4737BF5C4D}.Release|Any CPU.ActiveCfg = Release|Any CPU
		{8AFDA6ED-5B9A-4295-8E46-3A4737BF5C4D}.Release|Any CPU.Build.0 = Release|Any CPU
		{7A59D23B-5CEA-4B02-898B-E4769F208178}.Debug|Any CPU.ActiveCfg = Debug|Any CPU
		{7A59D23B-5CEA-4B02-898B-E4769F208178}.Debug|Any CPU.Build.0 = Debug|Any CPU
		{7A59D23B-5CEA-4B02-898B-E4769F208178}.Release|Any CPU.ActiveCfg = Release|Any CPU
		{7A59D23B-5CEA-4B02-898B-E4769F208178}.Release|Any CPU.Build.0 = Release|Any CPU
		{76917DB3-0C16-4569-9A0C-2A449AA7F942}.Debug|Any CPU.ActiveCfg = Debug|Any CPU
		{76917DB3-0C16-4569-9A0C-2A449AA7F942}.Debug|Any CPU.Build.0 = Debug|Any CPU
		{76917DB3-0C16-4569-9A0C-2A449AA7F942}.Release|Any CPU.ActiveCfg = Release|Any CPU
		{76917DB3-0C16-4569-9A0C-2A449AA7F942}.Release|Any CPU.Build.0 = Release|Any CPU
		{4DADED26-FCF7-4B80-9587-87D04DA786D4}.Debug|Any CPU.ActiveCfg = Debug|Any CPU
		{4DADED26-FCF7-4B80-9587-87D04DA786D4}.Debug|Any CPU.Build.0 = Debug|Any CPU
		{4DADED26-FCF7-4B80-9587-87D04DA786D4}.Release|Any CPU.ActiveCfg = Release|Any CPU
		{4DADED26-FCF7-4B80-9587-87D04DA786D4}.Release|Any CPU.Build.0 = Release|Any CPU
		{74383CB7-B5CB-40B7-B32C-82C51A58D16D}.Debug|Any CPU.ActiveCfg = Debug|Any CPU
		{74383CB7-B5CB-40B7-B32C-82C51A58D16D}.Debug|Any CPU.Build.0 = Debug|Any CPU
		{74383CB7-B5CB-40B7-B32C-82C51A58D16D}.Release|Any CPU.ActiveCfg = Release|Any CPU
		{74383CB7-B5CB-40B7-B32C-82C51A58D16D}.Release|Any CPU.Build.0 = Release|Any CPU
		{F1AEAAC6-DF2D-4D42-8D9D-798E16C2B124}.Debug|Any CPU.ActiveCfg = Debug|Any CPU
		{F1AEAAC6-DF2D-4D42-8D9D-798E16C2B124}.Debug|Any CPU.Build.0 = Debug|Any CPU
		{F1AEAAC6-DF2D-4D42-8D9D-798E16C2B124}.Release|Any CPU.ActiveCfg = Release|Any CPU
		{F1AEAAC6-DF2D-4D42-8D9D-798E16C2B124}.Release|Any CPU.Build.0 = Release|Any CPU
	EndGlobalSection
	GlobalSection(SolutionProperties) = preSolution
		HideSolutionNode = FALSE
	EndGlobalSection
	GlobalSection(NestedProjects) = preSolution
		{CB749AF8-82DF-484B-A3D5-8923B3AEC435} = {64A93EAE-0124-49CA-9D89-6AE36745BC97}
		{DDAF5BAA-521B-464C-9388-15324A9532D6} = {64A93EAE-0124-49CA-9D89-6AE36745BC97}
		{3688F14C-3C92-413E-BA92-3E749F281096} = {CB749AF8-82DF-484B-A3D5-8923B3AEC435}
		{98ACA784-C1FC-431D-93FD-4C06D25E6474} = {3688F14C-3C92-413E-BA92-3E749F281096}
		{DFC3D79D-9239-41E5-B656-80CE50867E73} = {3688F14C-3C92-413E-BA92-3E749F281096}
		{892066FC-F43C-4D9A-9411-3D9C40143B9C} = {3688F14C-3C92-413E-BA92-3E749F281096}
		{B7F0498D-F6BC-46A6-A7BB-AEAE2E083C62} = {98ACA784-C1FC-431D-93FD-4C06D25E6474}
		{F9A14641-39F6-43BB-86E5-18C385AB9EB1} = {DFC3D79D-9239-41E5-B656-80CE50867E73}
		{8AFDA6ED-5B9A-4295-8E46-3A4737BF5C4D} = {DFC3D79D-9239-41E5-B656-80CE50867E73}
		{7A59D23B-5CEA-4B02-898B-E4769F208178} = {892066FC-F43C-4D9A-9411-3D9C40143B9C}
		{76917DB3-0C16-4569-9A0C-2A449AA7F942} = {892066FC-F43C-4D9A-9411-3D9C40143B9C}
		{4DADED26-FCF7-4B80-9587-87D04DA786D4} = {DDAF5BAA-521B-464C-9388-15324A9532D6}
		{74383CB7-B5CB-40B7-B32C-82C51A58D16D} = {3688F14C-3C92-413E-BA92-3E749F281096}
		{05066251-2FC6-413B-B855-29C567902B3D} = {3688F14C-3C92-413E-BA92-3E749F281096}
		{F1AEAAC6-DF2D-4D42-8D9D-798E16C2B124} = {05066251-2FC6-413B-B855-29C567902B3D}
	EndGlobalSection
	GlobalSection(ExtensibilityGlobals) = postSolution
		SolutionGuid = {AAF1FA74-3D57-482D-BEA4-5298CD243382}
	EndGlobalSection
EndGlobal
